Microsoft Visual Studio Solution File, Format Version 12.00
# Visual Studio 2012
Project("{FAE04EC0-301F-11D3-BF4B-00C04F79EFBC}") = "AstroDisaster", "AstroDisaster.csproj", "{CFF83834-F131-4377-9D57-8C017A067720}"
EndProject
Global
	GlobalSection(SolutionConfigurationPlatforms) = preSolution
	Debug|Any CPU = Debug|Any CPU
	ExportDebug|Any CPU = ExportDebug|Any CPU
	ExportRelease|Any CPU = ExportRelease|Any CPU
	EndGlobalSection
	GlobalSection(ProjectConfigurationPlatforms) = postSolution
		{CFF83834-F131-4377-9D57-8C017A067720}.Debug|Any CPU.ActiveCfg = Debug|Any CPU
		{CFF83834-F131-4377-9D57-8C017A067720}.Debug|Any CPU.Build.0 = Debug|Any CPU
		{CFF83834-F131-4377-9D57-8C017A067720}.ExportDebug|Any CPU.ActiveCfg = ExportDebug|Any CPU
		{CFF83834-F131-4377-9D57-8C017A067720}.ExportDebug|Any CPU.Build.0 = ExportDebug|Any CPU
		{CFF83834-F131-4377-9D57-8C017A067720}.ExportRelease|Any CPU.ActiveCfg = ExportRelease|Any CPU
		{CFF83834-F131-4377-9D57-8C017A067720}.ExportRelease|Any CPU.Build.0 = ExportRelease|Any CPU
	EndGlobalSection
EndGlobal
